// !$*UTF8*$!
{
	archiveVersion = 1;
	classes = {
	};
	objectVersion = 50;
	objects = {

/* Begin PBXBuildFile section */
		F81D4DA2246E50EF002286D7 /* AppDelegate.swift in Sources */ = {isa = PBXBuildFile; fileRef = F81D4DA1246E50EF002286D7 /* AppDelegate.swift */; };
		F81D4DA4246E50EF002286D7 /* SceneDelegate.swift in Sources */ = {isa = PBXBuildFile; fileRef = F81D4DA3246E50EF002286D7 /* SceneDelegate.swift */; };
		F81D4DA6246E50EF002286D7 /* HomeViewController.swift in Sources */ = {isa = PBXBuildFile; fileRef = F81D4DA5246E50EF002286D7 /* HomeViewController.swift */; };
		F81D4DA9246E50EF002286D7 /* Main.storyboard in Resources */ = {isa = PBXBuildFile; fileRef = F81D4DA7246E50EF002286D7 /* Main.storyboard */; };
		F81D4DAB246E50F0002286D7 /* Assets.xcassets in Resources */ = {isa = PBXBuildFile; fileRef = F81D4DAA246E50F0002286D7 /* Assets.xcassets */; };
		F81D4DAE246E50F0002286D7 /* LaunchScreen.storyboard in Resources */ = {isa = PBXBuildFile; fileRef = F81D4DAC246E50F0002286D7 /* LaunchScreen.storyboard */; };
		F81D4DB8246E51F9002286D7 /* TouchHandlingView.swift in Sources */ = {isa = PBXBuildFile; fileRef = F81D4DB7246E51F9002286D7 /* TouchHandlingView.swift */; };
		F81D4DBB246E52D3002286D7 /* CGPoint+Extension.swift in Sources */ = {isa = PBXBuildFile; fileRef = F81D4DBA246E52D3002286D7 /* CGPoint+Extension.swift */; };
		F81D4DD1246F1525002286D7 /* JSONSerializer.swift in Sources */ = {isa = PBXBuildFile; fileRef = F81D4DCF246F1525002286D7 /* JSONSerializer.swift */; };
		F81D4DD2246F1525002286D7 /* BaseServices.swift in Sources */ = {isa = PBXBuildFile; fileRef = F81D4DD0246F1525002286D7 /* BaseServices.swift */; };
		F81D4DD4246F15AC002286D7 /* WebRTCServices.swift in Sources */ = {isa = PBXBuildFile; fileRef = F81D4DD3246F15AC002286D7 /* WebRTCServices.swift */; };
		F81D4DD6246F17D3002286D7 /* SomeModel.swift in Sources */ = {isa = PBXBuildFile; fileRef = F81D4DD5246F17D3002286D7 /* SomeModel.swift */; };
/* End PBXBuildFile section */

/* Begin PBXFileReference section */
		F81D4D9E246E50EF002286D7 /* WebRTCRemoteCar.app */ = {isa = PBXFileReference; explicitFileType = wrapper.application; includeInIndex = 0; path = WebRTCRemoteCar.app; sourceTree = BUILT_PRODUCTS_DIR; };
		F81D4DA1246E50EF002286D7 /* AppDelegate.swift */ = {isa = PBXFileReference; lastKnownFileType = sourcecode.swift; path = AppDelegate.swift; sourceTree = "<group>"; };
		F81D4DA3246E50EF002286D7 /* SceneDelegate.swift */ = {isa = PBXFileReference; lastKnownFileType = sourcecode.swift; path = SceneDelegate.swift; sourceTree = "<group>"; };
		F81D4DA5246E50EF002286D7 /* HomeViewController.swift */ = {isa = PBXFileReference; lastKnownFileType = sourcecode.swift; path = HomeViewController.swift; sourceTree = "<group>"; };
		F81D4DA8246E50EF002286D7 /* Base */ = {isa = PBXFileReference; lastKnownFileType = file.storyboard; name = Base; path = Base.lproj/Main.storyboard; sourceTree = "<group>"; };
		F81D4DAA246E50F0002286D7 /* Assets.xcassets */ = {isa = PBXFileReference; lastKnownFileType = folder.assetcatalog; path = Assets.xcassets; sourceTree = "<group>"; };
		F81D4DAD246E50F0002286D7 /* Base */ = {isa = PBXFileReference; lastKnownFileType = file.storyboard; name = Base; path = Base.lproj/LaunchScreen.storyboard; sourceTree = "<group>"; };
		F81D4DAF246E50F0002286D7 /* Info.plist */ = {isa = PBXFileReference; lastKnownFileType = text.plist.xml; path = Info.plist; sourceTree = "<group>"; };
		F81D4DB7246E51F9002286D7 /* TouchHandlingView.swift */ = {isa = PBXFileReference; fileEncoding = 4; lastKnownFileType = sourcecode.swift; path = TouchHandlingView.swift; sourceTree = "<group>"; };
		F81D4DBA246E52D3002286D7 /* CGPoint+Extension.swift */ = {isa = PBXFileReference; lastKnownFileType = sourcecode.swift; path = "CGPoint+Extension.swift"; sourceTree = "<group>"; };
		F81D4DCF246F1525002286D7 /* JSONSerializer.swift */ = {isa = PBXFileReference; fileEncoding = 4; lastKnownFileType = sourcecode.swift; path = JSONSerializer.swift; sourceTree = "<group>"; };
		F81D4DD0246F1525002286D7 /* BaseServices.swift */ = {isa = PBXFileReference; fileEncoding = 4; lastKnownFileType = sourcecode.swift; path = BaseServices.swift; sourceTree = "<group>"; };
		F81D4DD3246F15AC002286D7 /* WebRTCServices.swift */ = {isa = PBXFileReference; lastKnownFileType = sourcecode.swift; path = WebRTCServices.swift; sourceTree = "<group>"; };
		F81D4DD5246F17D3002286D7 /* SomeModel.swift */ = {isa = PBXFileReference; lastKnownFileType = sourcecode.swift; path = SomeModel.swift; sourceTree = "<group>"; };
/* End PBXFileReference section */

/* Begin PBXFrameworksBuildPhase section */
		F81D4D9B246E50EF002286D7 /* Frameworks */ = {
			isa = PBXFrameworksBuildPhase;
			buildActionMask = 2147483647;
			files = (
			);
			runOnlyForDeploymentPostprocessing = 0;
		};
/* End PBXFrameworksBuildPhase section */

/* Begin PBXGroup section */
		F81D4D95246E50EF002286D7 = {
			isa = PBXGroup;
			children = (
				F81D4DA0246E50EF002286D7 /* WebRTCRemoteCar */,
				F81D4D9F246E50EF002286D7 /* Products */,
			);
			sourceTree = "<group>";
		};
		F81D4D9F246E50EF002286D7 /* Products */ = {
			isa = PBXGroup;
			children = (
				F81D4D9E246E50EF002286D7 /* WebRTCRemoteCar.app */,
			);
			name = Products;
			sourceTree = "<group>";
		};
		F81D4DA0246E50EF002286D7 /* WebRTCRemoteCar */ = {
			isa = PBXGroup;
			children = (
				F81D4DB5246E519F002286D7 /* Home */,
				F81D4DB6246E51C5002286D7 /* UIViews */,
				F81D4DB9246E52B5002286D7 /* Extensions */,
				F81D4DBC246F11CB002286D7 /* Services */,
				F81D4DA1246E50EF002286D7 /* AppDelegate.swift */,
				F81D4DA3246E50EF002286D7 /* SceneDelegate.swift */,
				F81D4DA7246E50EF002286D7 /* Main.storyboard */,
				F81D4DAA246E50F0002286D7 /* Assets.xcassets */,
				F81D4DAC246E50F0002286D7 /* LaunchScreen.storyboard */,
				F81D4DAF246E50F0002286D7 /* Info.plist */,
			);
			path = WebRTCRemoteCar;
			sourceTree = "<group>";
		};
		F81D4DB5246E519F002286D7 /* Home */ = {
			isa = PBXGroup;
			children = (
				F81D4DA5246E50EF002286D7 /* HomeViewController.swift */,
			);
			path = Home;
			sourceTree = "<group>";
		};
		F81D4DB6246E51C5002286D7 /* UIViews */ = {
			isa = PBXGroup;
			children = (
				F81D4DB7246E51F9002286D7 /* TouchHandlingView.swift */,
			);
			path = UIViews;
			sourceTree = "<group>";
		};
		F81D4DB9246E52B5002286D7 /* Extensions */ = {
			isa = PBXGroup;
			children = (
				F81D4DBA246E52D3002286D7 /* CGPoint+Extension.swift */,
			);
			path = Extensions;
			sourceTree = "<group>";
		};
		F81D4DBC246F11CB002286D7 /* Services */ = {
			isa = PBXGroup;
			children = (
				F81D4DCE246F1525002286D7 /* Core */,
				F81D4DBD246F11F8002286D7 /* WebRTCServices */,
			);
			path = Services;
			sourceTree = "<group>";
		};
		F81D4DBD246F11F8002286D7 /* WebRTCServices */ = {
			isa = PBXGroup;
			children = (
				F81D4DBE246F1220002286D7 /* Model */,
				F81D4DD3246F15AC002286D7 /* WebRTCServices.swift */,
			);
			path = WebRTCServices;
			sourceTree = "<group>";
		};
		F81D4DBE246F1220002286D7 /* Model */ = {
			isa = PBXGroup;
			children = (
				F81D4DD5246F17D3002286D7 /* SomeModel.swift */,
			);
			path = Model;
			sourceTree = "<group>";
		};
		F81D4DCE246F1525002286D7 /* Core */ = {
			isa = PBXGroup;
			children = (
				F81D4DCF246F1525002286D7 /* JSONSerializer.swift */,
				F81D4DD0246F1525002286D7 /* BaseServices.swift */,
			);
			path = Core;
			sourceTree = "<group>";
		};
/* End PBXGroup section */

/* Begin PBXNativeTarget section */
		F81D4D9D246E50EF002286D7 /* WebRTCRemoteCar */ = {
			isa = PBXNativeTarget;
			buildConfigurationList = F81D4DB2246E50F0002286D7 /* Build configuration list for PBXNativeTarget "WebRTCRemoteCar" */;
			buildPhases = (
				F81D4D9A246E50EF002286D7 /* Sources */,
				F81D4D9B246E50EF002286D7 /* Frameworks */,
				F81D4D9C246E50EF002286D7 /* Resources */,
			);
			buildRules = (
			);
			dependencies = (
			);
			name = WebRTCRemoteCar;
			productName = WebRTCRemoteCar;
			productReference = F81D4D9E246E50EF002286D7 /* WebRTCRemoteCar.app */;
			productType = "com.apple.product-type.application";
		};
/* End PBXNativeTarget section */

/* Begin PBXProject section */
		F81D4D96246E50EF002286D7 /* Project object */ = {
			isa = PBXProject;
			attributes = {
				LastSwiftUpdateCheck = 1100;
				LastUpgradeCheck = 1100;
				ORGANIZATIONNAME = Anish;
				TargetAttributes = {
					F81D4D9D246E50EF002286D7 = {
						CreatedOnToolsVersion = 11.0;
					};
				};
			};
			buildConfigurationList = F81D4D99246E50EF002286D7 /* Build configuration list for PBXProject "WebRTCRemoteCar" */;
			compatibilityVersion = "Xcode 9.3";
			developmentRegion = en;
			hasScannedForEncodings = 0;
			knownRegions = (
				en,
				Base,
			);
			mainGroup = F81D4D95246E50EF002286D7;
			productRefGroup = F81D4D9F246E50EF002286D7 /* Products */;
			projectDirPath = "";
			projectRoot = "";
			targets = (
				F81D4D9D246E50EF002286D7 /* WebRTCRemoteCar */,
			);
		};
/* End PBXProject section */

/* Begin PBXResourcesBuildPhase section */
		F81D4D9C246E50EF002286D7 /* Resources */ = {
			isa = PBXResourcesBuildPhase;
			buildActionMask = 2147483647;
			files = (
				F81D4DAE246E50F0002286D7 /* LaunchScreen.storyboard in Resources */,
				F81D4DAB246E50F0002286D7 /* Assets.xcassets in Resources */,
				F81D4DA9246E50EF002286D7 /* Main.storyboard in Resources */,
			);
			runOnlyForDeploymentPostprocessing = 0;
		};
/* End PBXResourcesBuildPhase section */

/* Begin PBXSourcesBuildPhase section */
		F81D4D9A246E50EF002286D7 /* Sources */ = {
			isa = PBXSourcesBuildPhase;
			buildActionMask = 2147483647;
			files = (
				F81D4DA6246E50EF002286D7 /* HomeViewController.swift in Sources */,
				F81D4DD1246F1525002286D7 /* JSONSerializer.swift in Sources */,
				F81D4DD2246F1525002286D7 /* BaseServices.swift in Sources */,
				F81D4DA2246E50EF002286D7 /* AppDelegate.swift in Sources */,
				F81D4DB8246E51F9002286D7 /* TouchHandlingView.swift in Sources */,
				F81D4DD4246F15AC002286D7 /* WebRTCServices.swift in Sources */,
				F81D4DBB246E52D3002286D7 /* CGPoint+Extension.swift in Sources */,
				F81D4DD6246F17D3002286D7 /* SomeModel.swift in Sources */,
				F81D4DA4246E50EF002286D7 /* SceneDelegate.swift in Sources */,
			);
			runOnlyForDeploymentPostprocessing = 0;
		};
/* End PBXSourcesBuildPhase section */

/* Begin PBXVariantGroup section */
		F81D4DA7246E50EF002286D7 /* Main.storyboard */ = {
			isa = PBXVariantGroup;
			children = (
				F81D4DA8246E50EF002286D7 /* Base */,
			);
			name = Main.storyboard;
			sourceTree = "<group>";
		};
		F81D4DAC246E50F0002286D7 /* LaunchScreen.storyboard */ = {
			isa = PBXVariantGroup;
			children = (
				F81D4DAD246E50F0002286D7 /* Base */,
			);
			name = LaunchScreen.storyboard;
			sourceTree = "<group>";
		};
/* End PBXVariantGroup section */

/* Begin XCBuildConfiguration section */
		F81D4DB0246E50F0002286D7 /* Debug */ = {
			isa = XCBuildConfiguration;
			buildSettings = {
				ALWAYS_SEARCH_USER_PATHS = NO;
				CLANG_ANALYZER_NONNULL = YES;
				CLANG_ANALYZER_NUMBER_OBJECT_CONVERSION = YES_AGGRESSIVE;
				CLANG_CXX_LANGUAGE_STANDARD = "gnu++14";
				CLANG_CXX_LIBRARY = "libc++";
				CLANG_ENABLE_MODULES = YES;
				CLANG_ENABLE_OBJC_ARC = YES;
				CLANG_ENABLE_OBJC_WEAK = YES;
				CLANG_WARN_BLOCK_CAPTURE_AUTORELEASING = YES;
				CLANG_WARN_BOOL_CONVERSION = YES;
				CLANG_WARN_COMMA = YES;
				CLANG_WARN_CONSTANT_CONVERSION = YES;
				CLANG_WARN_DEPRECATED_OBJC_IMPLEMENTATIONS = YES;
				CLANG_WARN_DIRECT_OBJC_ISA_USAGE = YES_ERROR;
				CLANG_WARN_DOCUMENTATION_COMMENTS = YES;
				CLANG_WARN_EMPTY_BODY = YES;
				CLANG_WARN_ENUM_CONVERSION = YES;
				CLANG_WARN_INFINITE_RECURSION = YES;
				CLANG_WARN_INT_CONVERSION = YES;
				CLANG_WARN_NON_LITERAL_NULL_CONVERSION = YES;
				CLANG_WARN_OBJC_IMPLICIT_RETAIN_SELF = YES;
				CLANG_WARN_OBJC_LITERAL_CONVERSION = YES;
				CLANG_WARN_OBJC_ROOT_CLASS = YES_ERROR;
				CLANG_WARN_RANGE_LOOP_ANALYSIS = YES;
				CLANG_WARN_STRICT_PROTOTYPES = YES;
				CLANG_WARN_SUSPICIOUS_MOVE = YES;
				CLANG_WARN_UNGUARDED_AVAILABILITY = YES_AGGRESSIVE;
				CLANG_WARN_UNREACHABLE_CODE = YES;
				CLANG_WARN__DUPLICATE_METHOD_MATCH = YES;
				COPY_PHASE_STRIP = NO;
				DEBUG_INFORMATION_FORMAT = dwarf;
				ENABLE_STRICT_OBJC_MSGSEND = YES;
				ENABLE_TESTABILITY = YES;
				GCC_C_LANGUAGE_STANDARD = gnu11;
				GCC_DYNAMIC_NO_PIC = NO;
				GCC_NO_COMMON_BLOCKS = YES;
				GCC_OPTIMIZATION_LEVEL = 0;
				GCC_PREPROCESSOR_DEFINITIONS = (
					"DEBUG=1",
					"$(inherited)",
				);
				GCC_WARN_64_TO_32_BIT_CONVERSION = YES;
				GCC_WARN_ABOUT_RETURN_TYPE = YES_ERROR;
				GCC_WARN_UNDECLARED_SELECTOR = YES;
				GCC_WARN_UNINITIALIZED_AUTOS = YES_AGGRESSIVE;
				GCC_WARN_UNUSED_FUNCTION = YES;
				GCC_WARN_UNUSED_VARIABLE = YES;
				IPHONEOS_DEPLOYMENT_TARGET = 13.0;
				MTL_ENABLE_DEBUG_INFO = INCLUDE_SOURCE;
				MTL_FAST_MATH = YES;
				ONLY_ACTIVE_ARCH = YES;
				SDKROOT = iphoneos;
				SWIFT_ACTIVE_COMPILATION_CONDITIONS = DEBUG;
				SWIFT_OPTIMIZATION_LEVEL = "-Onone";
			};
			name = Debug;
		};
		F81D4DB1246E50F0002286D7 /* Release */ = {
			isa = XCBuildConfiguration;
			buildSettings = {
				ALWAYS_SEARCH_USER_PATHS = NO;
				CLANG_ANALYZER_NONNULL = YES;
				CLANG_ANALYZER_NUMBER_OBJECT_CONVERSION = YES_AGGRESSIVE;
				CLANG_CXX_LANGUAGE_STANDARD = "gnu++14";
				CLANG_CXX_LIBRARY = "libc++";
				CLANG_ENABLE_MODULES = YES;
				CLANG_ENABLE_OBJC_ARC = YES;
				CLANG_ENABLE_OBJC_WEAK = YES;
				CLANG_WARN_BLOCK_CAPTURE_AUTORELEASING = YES;
				CLANG_WARN_BOOL_CONVERSION = YES;
				CLANG_WARN_COMMA = YES;
				CLANG_WARN_CONSTANT_CONVERSION = YES;
				CLANG_WARN_DEPRECATED_OBJC_IMPLEMENTATIONS = YES;
				CLANG_WARN_DIRECT_OBJC_ISA_USAGE = YES_ERROR;
				CLANG_WARN_DOCUMENTATION_COMMENTS = YES;
				CLANG_WARN_EMPTY_BODY = YES;
				CLANG_WARN_ENUM_CONVERSION = YES;
				CLANG_WARN_INFINITE_RECURSION = YES;
				CLANG_WARN_INT_CONVERSION = YES;
				CLANG_WARN_NON_LITERAL_NULL_CONVERSION = YES;
				CLANG_WARN_OBJC_IMPLICIT_RETAIN_SELF = YES;
				CLANG_WARN_OBJC_LITERAL_CONVERSION = YES;
				CLANG_WARN_OBJC_ROOT_CLASS = YES_ERROR;
				CLANG_WARN_RANGE_LOOP_ANALYSIS = YES;
				CLANG_WARN_STRICT_PROTOTYPES = YES;
				CLANG_WARN_SUSPICIOUS_MOVE = YES;
				CLANG_WARN_UNGUARDED_AVAILABILITY = YES_AGGRESSIVE;
				CLANG_WARN_UNREACHABLE_CODE = YES;
				CLANG_WARN__DUPLICATE_METHOD_MATCH = YES;
				COPY_PHASE_STRIP = NO;
				DEBUG_INFORMATION_FORMAT = "dwarf-with-dsym";
				ENABLE_NS_ASSERTIONS = NO;
				ENABLE_STRICT_OBJC_MSGSEND = YES;
				GCC_C_LANGUAGE_STANDARD = gnu11;
				GCC_NO_COMMON_BLOCKS = YES;
				GCC_WARN_64_TO_32_BIT_CONVERSION = YES;
				GCC_WARN_ABOUT_RETURN_TYPE = YES_ERROR;
				GCC_WARN_UNDECLARED_SELECTOR = YES;
				GCC_WARN_UNINITIALIZED_AUTOS = YES_AGGRESSIVE;
				GCC_WARN_UNUSED_FUNCTION = YES;
				GCC_WARN_UNUSED_VARIABLE = YES;
				IPHONEOS_DEPLOYMENT_TARGET = 13.0;
				MTL_ENABLE_DEBUG_INFO = NO;
				MTL_FAST_MATH = YES;
				SDKROOT = iphoneos;
				SWIFT_COMPILATION_MODE = wholemodule;
				SWIFT_OPTIMIZATION_LEVEL = "-O";
				VALIDATE_PRODUCT = YES;
			};
			name = Release;
		};
		F81D4DB3246E50F0002286D7 /* Debug */ = {
			isa = XCBuildConfiguration;
			buildSettings = {
				ASSETCATALOG_COMPILER_APPICON_NAME = AppIcon;
				CODE_SIGN_STYLE = Automatic;
				INFOPLIST_FILE = WebRTCRemoteCar/Info.plist;
				LD_RUNPATH_SEARCH_PATHS = (
					"$(inherited)",
					"@executable_path/Frameworks",
				);
				PRODUCT_BUNDLE_IDENTIFIER = com.madhen.WebRTCRemoteCar;
				PRODUCT_NAME = "$(TARGET_NAME)";
				SWIFT_VERSION = 5.0;
				TARGETED_DEVICE_FAMILY = "1,2";
			};
			name = Debug;
		};
		F81D4DB4246E50F0002286D7 /* Release */ = {
			isa = XCBuildConfiguration;
			buildSettings = {
				ASSETCATALOG_COMPILER_APPICON_NAME = AppIcon;
				CODE_SIGN_STYLE = Automatic;
				INFOPLIST_FILE = WebRTCRemoteCar/Info.plist;
				LD_RUNPATH_SEARCH_PATHS = (
					"$(inherited)",
					"@executable_path/Frameworks",
				);
				PRODUCT_BUNDLE_IDENTIFIER = com.madhen.WebRTCRemoteCar;
				PRODUCT_NAME = "$(TARGET_NAME)";
				SWIFT_VERSION = 5.0;
				TARGETED_DEVICE_FAMILY = "1,2";
			};
			name = Release;
		};
/* End XCBuildConfiguration section */

/* Begin XCConfigurationList section */
		F81D4D99246E50EF002286D7 /* Build configuration list for PBXProject "WebRTCRemoteCar" */ = {
			isa = XCConfigurationList;
			buildConfigurations = (
				F81D4DB0246E50F0002286D7 /* Debug */,
				F81D4DB1246E50F0002286D7 /* Release */,
			);
			defaultConfigurationIsVisible = 0;
			defaultConfigurationName = Release;
		};
		F81D4DB2246E50F0002286D7 /* Build configuration list for PBXNativeTarget "WebRTCRemoteCar" */ = {
			isa = XCConfigurationList;
			buildConfigurations = (
				F81D4DB3246E50F0002286D7 /* Debug */,
				F81D4DB4246E50F0002286D7 /* Release */,
			);
			defaultConfigurationIsVisible = 0;
			defaultConfigurationName = Release;
		};
/* End XCConfigurationList section */
	};
	rootObject = F81D4D96246E50EF002286D7 /* Project object */;
}
